
Microsoft Visual Studio Solution File, Format Version 12.00
# Visual Studio Version 16
VisualStudioVersion = 16.0.29411.108
MinimumVisualStudioVersion = 10.0.40219.1
Project("{FAE04EC0-301F-11D3-BF4B-00C04F79EFBC}") = "ApiaryDiary", "ApiaryDiary\ApiaryDiary.csproj", "{689B3071-048A-4CE9-87A8-CE3CD154D55C}"
EndProject
Global
	GlobalSection(SolutionConfigurationPlatforms) = preSolution
		Debug|Any CPU = Debug|Any CPU
		Release|Any CPU = Release|Any CPU
	EndGlobalSection
	GlobalSection(ProjectConfigurationPlatforms) = postSolution
		{689B3071-048A-4CE9-87A8-CE3CD154D55C}.Debug|Any CPU.ActiveCfg = Debug|Any CPU
		{689B3071-048A-4CE9-87A8-CE3CD154D55C}.Debug|Any CPU.Build.0 = Debug|Any CPU
		{689B3071-048A-4CE9-87A8-CE3CD154D55C}.Release|Any CPU.ActiveCfg = Release|Any CPU
		{689B3071-048A-4CE9-87A8-CE3CD154D55C}.Release|Any CPU.Build.0 = Release|Any CPU
	EndGlobalSection
	GlobalSection(SolutionProperties) = preSolution
		HideSolutionNode = FALSE
	EndGlobalSection
	GlobalSection(ExtensibilityGlobals) = postSolution
		SolutionGuid = {755BBB19-7B77-4682-B2E1-5751ACCDAA58}
	EndGlobalSection
EndGlobal
